
Microsoft Visual Studio Solution File, Format Version 12.00
# Visual Studio Version 17
VisualStudioVersion = 17.11.35431.28
MinimumVisualStudioVersion = 10.0.40219.1
Project("{FAE04EC0-301F-11D3-BF4B-00C04F79EFBC}") = "Task 5", "Task 5.csproj", "{028B88B8-A067-40F8-9190-FAC7B6393234}"
EndProject
Project("{FAE04EC0-301F-11D3-BF4B-00C04F79EFBC}") = "Assignment 1", "..\Assignment 1\Assignment 1.csproj", "{A69F73F2-54C0-44DD-865D-66F43D427B12}"
EndProject
Project("{FAE04EC0-301F-11D3-BF4B-00C04F79EFBC}") = "Assignment 2", "..\Assignment 2\Assignment 2.csproj", "{341F30F9-D5F0-4593-BFC1-D581264E33B0}"
EndProject
Project("{FAE04EC0-301F-11D3-BF4B-00C04F79EFBC}") = "Assignment 3", "..\Assignment 3\Assignment 3.csproj", "{9A5CDEF1-0E3C-4F28-AF59-ABC891B8185A}"
EndProject
Global
	GlobalSection(SolutionConfigurationPlatforms) = preSolution
		Debug|Any CPU = Debug|Any CPU
		Release|Any CPU = Release|Any CPU
	EndGlobalSection
	GlobalSection(ProjectConfigurationPlatforms) = postSolution
		{028B88B8-A067-40F8-9190-FAC7B6393234}.Debug|Any CPU.ActiveCfg = Debug|Any CPU
		{028B88B8-A067-40F8-9190-FAC7B6393234}.Debug|Any CPU.Build.0 = Debug|Any CPU
		{028B88B8-A067-40F8-9190-FAC7B6393234}.Release|Any CPU.ActiveCfg = Release|Any CPU
		{028B88B8-A067-40F8-9190-FAC7B6393234}.Release|Any CPU.Build.0 = Release|Any CPU
		{A69F73F2-54C0-44DD-865D-66F43D427B12}.Debug|Any CPU.ActiveCfg = Debug|Any CPU
		{A69F73F2-54C0-44DD-865D-66F43D427B12}.Debug|Any CPU.Build.0 = Debug|Any CPU
		{A69F73F2-54C0-44DD-865D-66F43D427B12}.Release|Any CPU.ActiveCfg = Release|Any CPU
		{A69F73F2-54C0-44DD-865D-66F43D427B12}.Release|Any CPU.Build.0 = Release|Any CPU
		{341F30F9-D5F0-4593-BFC1-D581264E33B0}.Debug|Any CPU.ActiveCfg = Debug|Any CPU
		{341F30F9-D5F0-4593-BFC1-D581264E33B0}.Debug|Any CPU.Build.0 = Debug|Any CPU
		{341F30F9-D5F0-4593-BFC1-D581264E33B0}.Release|Any CPU.ActiveCfg = Release|Any CPU
		{341F30F9-D5F0-4593-BFC1-D581264E33B0}.Release|Any CPU.Build.0 = Release|Any CPU
		{9A5CDEF1-0E3C-4F28-AF59-ABC891B8185A}.Debug|Any CPU.ActiveCfg = Debug|Any CPU
		{9A5CDEF1-0E3C-4F28-AF59-ABC891B8185A}.Debug|Any CPU.Build.0 = Debug|Any CPU
		{9A5CDEF1-0E3C-4F28-AF59-ABC891B8185A}.Release|Any CPU.ActiveCfg = Release|Any CPU
		{9A5CDEF1-0E3C-4F28-AF59-ABC891B8185A}.Release|Any CPU.Build.0 = Release|Any CPU
	EndGlobalSection
	GlobalSection(SolutionProperties) = preSolution
		HideSolutionNode = FALSE
	EndGlobalSection
	GlobalSection(ExtensibilityGlobals) = postSolution
		SolutionGuid = {0C6283E2-3132-4CB8-BE46-35260F21765B}
	EndGlobalSection
EndGlobal
